
Microsoft Visual Studio Solution File, Format Version 12.00
# Visual Studio Version 17
VisualStudioVersion = 17.3.32922.545
MinimumVisualStudioVersion = 10.0.40219.1
Project("{8BC9CEB8-8B4A-11D0-8D11-00A0C91BC942}") = "uNicAudio", "uNicAudio.vcxproj", "{4A390716-3494-4E2F-BDB5-565FA537F217}"
EndProject
Global
	GlobalSection(SolutionConfigurationPlatforms) = preSolution
		Debug|Win32 = Debug|Win32
		Debug|x64 = Debug|x64
		Release|Win32 = Release|Win32
		Release|x64 = Release|x64
	EndGlobalSection
	GlobalSection(ProjectConfigurationPlatforms) = postSolution
		{4A390716-3494-4E2F-BDB5-565FA537F217}.Debug|Win32.ActiveCfg = Debug|Win32
		{4A390716-3494-4E2F-BDB5-565FA537F217}.Debug|Win32.Build.0 = Debug|Win32
		{4A390716-3494-4E2F-BDB5-565FA537F217}.Debug|x64.ActiveCfg = Debug|x64
		{4A390716-3494-4E2F-BDB5-565FA537F217}.Debug|x64.Build.0 = Debug|x64
		{4A390716-3494-4E2F-BDB5-565FA537F217}.Release|Win32.ActiveCfg = Release|Win32
		{4A390716-3494-4E2F-BDB5-565FA537F217}.Release|Win32.Build.0 = Release|Win32
		{4A390716-3494-4E2F-BDB5-565FA537F217}.Release|x64.ActiveCfg = Release|x64
		{4A390716-3494-4E2F-BDB5-565FA537F217}.Release|x64.Build.0 = Release|x64
	EndGlobalSection
	GlobalSection(SolutionProperties) = preSolution
		HideSolutionNode = FALSE
	EndGlobalSection
	GlobalSection(ExtensibilityGlobals) = postSolution
		SolutionGuid = {D8BD2F1B-5249-4023-AF52-6FB107397012}
	EndGlobalSection
EndGlobal
